
Microsoft Visual Studio Solution File, Format Version 12.00
# Visual Studio 15
VisualStudioVersion = 15.0.28307.1062
MinimumVisualStudioVersion = 10.0.40219.1
Project("{FAE04EC0-301F-11D3-BF4B-00C04F79EFBC}") = "MyTranslator", "MyTranslator\MyTranslator.csproj", "{FA83692E-F07A-482A-BD42-6B2E0F96ECCB}"
EndProject
Global
	GlobalSection(SolutionConfigurationPlatforms) = preSolution
		Debug|Any CPU = Debug|Any CPU
		Release|Any CPU = Release|Any CPU
	EndGlobalSection
	GlobalSection(ProjectConfigurationPlatforms) = postSolution
		{FA83692E-F07A-482A-BD42-6B2E0F96ECCB}.Debug|Any CPU.ActiveCfg = Debug|Any CPU
		{FA83692E-F07A-482A-BD42-6B2E0F96ECCB}.Debug|Any CPU.Build.0 = Debug|Any CPU
		{FA83692E-F07A-482A-BD42-6B2E0F96ECCB}.Release|Any CPU.ActiveCfg = Release|Any CPU
		{FA83692E-F07A-482A-BD42-6B2E0F96ECCB}.Release|Any CPU.Build.0 = Release|Any CPU
	EndGlobalSection
	GlobalSection(SolutionProperties) = preSolution
		HideSolutionNode = FALSE
	EndGlobalSection
	GlobalSection(ExtensibilityGlobals) = postSolution
		SolutionGuid = {B467B137-BC67-4D96-AE25-7589360F845B}
	EndGlobalSection
EndGlobal
